// !$*UTF8*$!
{
	archiveVersion = 1;
	classes = {
	};
	objectVersion = 46;
	objects = {

/* Begin PBXBuildFile section */
		23E567D71E53E46900F30DFA /* AppDelegate.swift in Sources */ = {isa = PBXBuildFile; fileRef = 23E567D61E53E46900F30DFA /* AppDelegate.swift */; };
		23E567D91E53E46900F30DFA /* ViewController.swift in Sources */ = {isa = PBXBuildFile; fileRef = 23E567D81E53E46900F30DFA /* ViewController.swift */; };
		23E567DC1E53E46900F30DFA /* Main.storyboard in Resources */ = {isa = PBXBuildFile; fileRef = 23E567DA1E53E46900F30DFA /* Main.storyboard */; };
		23E567DF1E53E46900F30DFA /* Ruff_App.xcdatamodeld in Sources */ = {isa = PBXBuildFile; fileRef = 23E567DD1E53E46900F30DFA /* Ruff_App.xcdatamodeld */; };
		23E567E11E53E46900F30DFA /* Assets.xcassets in Resources */ = {isa = PBXBuildFile; fileRef = 23E567E01E53E46900F30DFA /* Assets.xcassets */; };
		23E567E41E53E46900F30DFA /* LaunchScreen.storyboard in Resources */ = {isa = PBXBuildFile; fileRef = 23E567E21E53E46900F30DFA /* LaunchScreen.storyboard */; };
		23E567EF1E53E46900F30DFA /* Ruff_AppTests.swift in Sources */ = {isa = PBXBuildFile; fileRef = 23E567EE1E53E46900F30DFA /* Ruff_AppTests.swift */; };
		23E567FA1E53E46900F30DFA /* Ruff_AppUITests.swift in Sources */ = {isa = PBXBuildFile; fileRef = 23E567F91E53E46900F30DFA /* Ruff_AppUITests.swift */; };
/* End PBXBuildFile section */

/* Begin PBXContainerItemProxy section */
		23E567EB1E53E46900F30DFA /* PBXContainerItemProxy */ = {
			isa = PBXContainerItemProxy;
			containerPortal = 23E567CB1E53E46800F30DFA /* Project object */;
			proxyType = 1;
			remoteGlobalIDString = 23E567D21E53E46800F30DFA;
			remoteInfo = Ruff.App;
		};
		23E567F61E53E46900F30DFA /* PBXContainerItemProxy */ = {
			isa = PBXContainerItemProxy;
			containerPortal = 23E567CB1E53E46800F30DFA /* Project object */;
			proxyType = 1;
			remoteGlobalIDString = 23E567D21E53E46800F30DFA;
			remoteInfo = Ruff.App;
		};
/* End PBXContainerItemProxy section */

/* Begin PBXFileReference section */
		23E567D31E53E46900F30DFA /* Ruff.App.app */ = {isa = PBXFileReference; explicitFileType = wrapper.application; includeInIndex = 0; path = Ruff.App.app; sourceTree = BUILT_PRODUCTS_DIR; };
		23E567D61E53E46900F30DFA /* AppDelegate.swift */ = {isa = PBXFileReference; lastKnownFileType = sourcecode.swift; path = AppDelegate.swift; sourceTree = "<group>"; };
		23E567D81E53E46900F30DFA /* ViewController.swift */ = {isa = PBXFileReference; lastKnownFileType = sourcecode.swift; path = ViewController.swift; sourceTree = "<group>"; };
		23E567DB1E53E46900F30DFA /* Base */ = {isa = PBXFileReference; lastKnownFileType = file.storyboard; name = Base; path = Base.lproj/Main.storyboard; sourceTree = "<group>"; };
		23E567DE1E53E46900F30DFA /* Ruff_App.xcdatamodel */ = {isa = PBXFileReference; lastKnownFileType = wrapper.xcdatamodel; path = Ruff_App.xcdatamodel; sourceTree = "<group>"; };
		23E567E01E53E46900F30DFA /* Assets.xcassets */ = {isa = PBXFileReference; lastKnownFileType = folder.assetcatalog; path = Assets.xcassets; sourceTree = "<group>"; };
		23E567E31E53E46900F30DFA /* Base */ = {isa = PBXFileReference; lastKnownFileType = file.storyboard; name = Base; path = Base.lproj/LaunchScreen.storyboard; sourceTree = "<group>"; };
		23E567E51E53E46900F30DFA /* Info.plist */ = {isa = PBXFileReference; lastKnownFileType = text.plist.xml; path = Info.plist; sourceTree = "<group>"; };
		23E567EA1E53E46900F30DFA /* Ruff.AppTests.xctest */ = {isa = PBXFileReference; explicitFileType = wrapper.cfbundle; includeInIndex = 0; path = Ruff.AppTests.xctest; sourceTree = BUILT_PRODUCTS_DIR; };
		23E567EE1E53E46900F30DFA /* Ruff_AppTests.swift */ = {isa = PBXFileReference; lastKnownFileType = sourcecode.swift; path = Ruff_AppTests.swift; sourceTree = "<group>"; };
		23E567F01E53E46900F30DFA /* Info.plist */ = {isa = PBXFileReference; lastKnownFileType = text.plist.xml; path = Info.plist; sourceTree = "<group>"; };
		23E567F51E53E46900F30DFA /* Ruff.AppUITests.xctest */ = {isa = PBXFileReference; explicitFileType = wrapper.cfbundle; includeInIndex = 0; path = Ruff.AppUITests.xctest; sourceTree = BUILT_PRODUCTS_DIR; };
		23E567F91E53E46900F30DFA /* Ruff_AppUITests.swift */ = {isa = PBXFileReference; lastKnownFileType = sourcecode.swift; path = Ruff_AppUITests.swift; sourceTree = "<group>"; };
		23E567FB1E53E46900F30DFA /* Info.plist */ = {isa = PBXFileReference; lastKnownFileType = text.plist.xml; path = Info.plist; sourceTree = "<group>"; };
/* End PBXFileReference section */

/* Begin PBXFrameworksBuildPhase section */
		23E567D01E53E46800F30DFA /* Frameworks */ = {
			isa = PBXFrameworksBuildPhase;
			buildActionMask = 2147483647;
			files = (
			);
			runOnlyForDeploymentPostprocessing = 0;
		};
		23E567E71E53E46900F30DFA /* Frameworks */ = {
			isa = PBXFrameworksBuildPhase;
			buildActionMask = 2147483647;
			files = (
			);
			runOnlyForDeploymentPostprocessing = 0;
		};
		23E567F21E53E46900F30DFA /* Frameworks */ = {
			isa = PBXFrameworksBuildPhase;
			buildActionMask = 2147483647;
			files = (
			);
			runOnlyForDeploymentPostprocessing = 0;
		};
/* End PBXFrameworksBuildPhase section */

/* Begin PBXGroup section */
		23E567CA1E53E46800F30DFA = {
			isa = PBXGroup;
			children = (
				23E567D51E53E46900F30DFA /* Ruff.App */,
				23E567ED1E53E46900F30DFA /* Ruff.AppTests */,
				23E567F81E53E46900F30DFA /* Ruff.AppUITests */,
				23E567D41E53E46900F30DFA /* Products */,
			);
			sourceTree = "<group>";
		};
		23E567D41E53E46900F30DFA /* Products */ = {
			isa = PBXGroup;
			children = (
				23E567D31E53E46900F30DFA /* Ruff.App.app */,
				23E567EA1E53E46900F30DFA /* Ruff.AppTests.xctest */,
				23E567F51E53E46900F30DFA /* Ruff.AppUITests.xctest */,
			);
			name = Products;
			sourceTree = "<group>";
		};
		23E567D51E53E46900F30DFA /* Ruff.App */ = {
			isa = PBXGroup;
			children = (
				23E567D61E53E46900F30DFA /* AppDelegate.swift */,
				23E567D81E53E46900F30DFA /* ViewController.swift */,
				23E567DA1E53E46900F30DFA /* Main.storyboard */,
				23E567E01E53E46900F30DFA /* Assets.xcassets */,
				23E567E21E53E46900F30DFA /* LaunchScreen.storyboard */,
				23E567E51E53E46900F30DFA /* Info.plist */,
				23E567DD1E53E46900F30DFA /* Ruff_App.xcdatamodeld */,
			);
			path = Ruff.App;
			sourceTree = "<group>";
		};
		23E567ED1E53E46900F30DFA /* Ruff.AppTests */ = {
			isa = PBXGroup;
			children = (
				23E567EE1E53E46900F30DFA /* Ruff_AppTests.swift */,
				23E567F01E53E46900F30DFA /* Info.plist */,
			);
			path = Ruff.AppTests;
			sourceTree = "<group>";
		};
		23E567F81E53E46900F30DFA /* Ruff.AppUITests */ = {
			isa = PBXGroup;
			children = (
				23E567F91E53E46900F30DFA /* Ruff_AppUITests.swift */,
				23E567FB1E53E46900F30DFA /* Info.plist */,
			);
			path = Ruff.AppUITests;
			sourceTree = "<group>";
		};
/* End PBXGroup section */

/* Begin PBXNativeTarget section */
		23E567D21E53E46800F30DFA /* Ruff.App */ = {
			isa = PBXNativeTarget;
			buildConfigurationList = 23E567FE1E53E46900F30DFA /* Build configuration list for PBXNativeTarget "Ruff.App" */;
			buildPhases = (
				23E567CF1E53E46800F30DFA /* Sources */,
				23E567D01E53E46800F30DFA /* Frameworks */,
				23E567D11E53E46800F30DFA /* Resources */,
			);
			buildRules = (
			);
			dependencies = (
			);
			name = Ruff.App;
			productName = Ruff.App;
			productReference = 23E567D31E53E46900F30DFA /* Ruff.App.app */;
			productType = "com.apple.product-type.application";
		};
		23E567E91E53E46900F30DFA /* Ruff.AppTests */ = {
			isa = PBXNativeTarget;
			buildConfigurationList = 23E568011E53E46900F30DFA /* Build configuration list for PBXNativeTarget "Ruff.AppTests" */;
			buildPhases = (
				23E567E61E53E46900F30DFA /* Sources */,
				23E567E71E53E46900F30DFA /* Frameworks */,
				23E567E81E53E46900F30DFA /* Resources */,
			);
			buildRules = (
			);
			dependencies = (
				23E567EC1E53E46900F30DFA /* PBXTargetDependency */,
			);
			name = Ruff.AppTests;
			productName = Ruff.AppTests;
			productReference = 23E567EA1E53E46900F30DFA /* Ruff.AppTests.xctest */;
			productType = "com.apple.product-type.bundle.unit-test";
		};
		23E567F41E53E46900F30DFA /* Ruff.AppUITests */ = {
			isa = PBXNativeTarget;
			buildConfigurationList = 23E568041E53E46900F30DFA /* Build configuration list for PBXNativeTarget "Ruff.AppUITests" */;
			buildPhases = (
				23E567F11E53E46900F30DFA /* Sources */,
				23E567F21E53E46900F30DFA /* Frameworks */,
				23E567F31E53E46900F30DFA /* Resources */,
			);
			buildRules = (
			);
			dependencies = (
				23E567F71E53E46900F30DFA /* PBXTargetDependency */,
			);
			name = Ruff.AppUITests;
			productName = Ruff.AppUITests;
			productReference = 23E567F51E53E46900F30DFA /* Ruff.AppUITests.xctest */;
			productType = "com.apple.product-type.bundle.ui-testing";
		};
/* End PBXNativeTarget section */

/* Begin PBXProject section */
		23E567CB1E53E46800F30DFA /* Project object */ = {
			isa = PBXProject;
			attributes = {
				LastSwiftUpdateCheck = 0820;
				LastUpgradeCheck = 0820;
				ORGANIZATIONNAME = Ruff;
				TargetAttributes = {
					23E567D21E53E46800F30DFA = {
						CreatedOnToolsVersion = 8.2.1;
						ProvisioningStyle = Automatic;
					};
					23E567E91E53E46900F30DFA = {
						CreatedOnToolsVersion = 8.2.1;
						ProvisioningStyle = Automatic;
						TestTargetID = 23E567D21E53E46800F30DFA;
					};
					23E567F41E53E46900F30DFA = {
						CreatedOnToolsVersion = 8.2.1;
						ProvisioningStyle = Automatic;
						TestTargetID = 23E567D21E53E46800F30DFA;
					};
				};
			};
			buildConfigurationList = 23E567CE1E53E46800F30DFA /* Build configuration list for PBXProject "Ruff.App" */;
			compatibilityVersion = "Xcode 3.2";
			developmentRegion = English;
			hasScannedForEncodings = 0;
			knownRegions = (
				en,
				Base,
			);
			mainGroup = 23E567CA1E53E46800F30DFA;
			productRefGroup = 23E567D41E53E46900F30DFA /* Products */;
			projectDirPath = "";
			projectRoot = "";
			targets = (
				23E567D21E53E46800F30DFA /* Ruff.App */,
				23E567E91E53E46900F30DFA /* Ruff.AppTests */,
				23E567F41E53E46900F30DFA /* Ruff.AppUITests */,
			);
		};
/* End PBXProject section */

/* Begin PBXResourcesBuildPhase section */
		23E567D11E53E46800F30DFA /* Resources */ = {
			isa = PBXResourcesBuildPhase;
			buildActionMask = 2147483647;
			files = (
				23E567E41E53E46900F30DFA /* LaunchScreen.storyboard in Resources */,
				23E567E11E53E46900F30DFA /* Assets.xcassets in Resources */,
				23E567DC1E53E46900F30DFA /* Main.storyboard in Resources */,
			);
			runOnlyForDeploymentPostprocessing = 0;
		};
		23E567E81E53E46900F30DFA /* Resources */ = {
			isa = PBXResourcesBuildPhase;
			buildActionMask = 2147483647;
			files = (
			);
			runOnlyForDeploymentPostprocessing = 0;
		};
		23E567F31E53E46900F30DFA /* Resources */ = {
			isa = PBXResourcesBuildPhase;
			buildActionMask = 2147483647;
			files = (
			);
			runOnlyForDeploymentPostprocessing = 0;
		};
/* End PBXResourcesBuildPhase section */

/* Begin PBXSourcesBuildPhase section */
		23E567CF1E53E46800F30DFA /* Sources */ = {
			isa = PBXSourcesBuildPhase;
			buildActionMask = 2147483647;
			files = (
				23E567D91E53E46900F30DFA /* ViewController.swift in Sources */,
				23E567DF1E53E46900F30DFA /* Ruff_App.xcdatamodeld in Sources */,
				23E567D71E53E46900F30DFA /* AppDelegate.swift in Sources */,
			);
			runOnlyForDeploymentPostprocessing = 0;
		};
		23E567E61E53E46900F30DFA /* Sources */ = {
			isa = PBXSourcesBuildPhase;
			buildActionMask = 2147483647;
			files = (
				23E567EF1E53E46900F30DFA /* Ruff_AppTests.swift in Sources */,
			);
			runOnlyForDeploymentPostprocessing = 0;
		};
		23E567F11E53E46900F30DFA /* Sources */ = {
			isa = PBXSourcesBuildPhase;
			buildActionMask = 2147483647;
			files = (
				23E567FA1E53E46900F30DFA /* Ruff_AppUITests.swift in Sources */,
			);
			runOnlyForDeploymentPostprocessing = 0;
		};
/* End PBXSourcesBuildPhase section */

/* Begin PBXTargetDependency section */
		23E567EC1E53E46900F30DFA /* PBXTargetDependency */ = {
			isa = PBXTargetDependency;
			target = 23E567D21E53E46800F30DFA /* Ruff.App */;
			targetProxy = 23E567EB1E53E46900F30DFA /* PBXContainerItemProxy */;
		};
		23E567F71E53E46900F30DFA /* PBXTargetDependency */ = {
			isa = PBXTargetDependency;
			target = 23E567D21E53E46800F30DFA /* Ruff.App */;
			targetProxy = 23E567F61E53E46900F30DFA /* PBXContainerItemProxy */;
		};
/* End PBXTargetDependency section */

/* Begin PBXVariantGroup section */
		23E567DA1E53E46900F30DFA /* Main.storyboard */ = {
			isa = PBXVariantGroup;
			children = (
				23E567DB1E53E46900F30DFA /* Base */,
			);
			name = Main.storyboard;
			sourceTree = "<group>";
		};
		23E567E21E53E46900F30DFA /* LaunchScreen.storyboard */ = {
			isa = PBXVariantGroup;
			children = (
				23E567E31E53E46900F30DFA /* Base */,
			);
			name = LaunchScreen.storyboard;
			sourceTree = "<group>";
		};
/* End PBXVariantGroup section */

/* Begin XCBuildConfiguration section */
		23E567FC1E53E46900F30DFA /* Debug */ = {
			isa = XCBuildConfiguration;
			buildSettings = {
				ALWAYS_SEARCH_USER_PATHS = NO;
				CLANG_ANALYZER_NONNULL = YES;
				CLANG_CXX_LANGUAGE_STANDARD = "gnu++0x";
				CLANG_CXX_LIBRARY = "libc++";
				CLANG_ENABLE_MODULES = YES;
				CLANG_ENABLE_OBJC_ARC = YES;
				CLANG_WARN_BOOL_CONVERSION = YES;
				CLANG_WARN_CONSTANT_CONVERSION = YES;
				CLANG_WARN_DIRECT_OBJC_ISA_USAGE = YES_ERROR;
				CLANG_WARN_DOCUMENTATION_COMMENTS = YES;
				CLANG_WARN_EMPTY_BODY = YES;
				CLANG_WARN_ENUM_CONVERSION = YES;
				CLANG_WARN_INFINITE_RECURSION = YES;
				CLANG_WARN_INT_CONVERSION = YES;
				CLANG_WARN_OBJC_ROOT_CLASS = YES_ERROR;
				CLANG_WARN_SUSPICIOUS_MOVE = YES;
				CLANG_WARN_UNREACHABLE_CODE = YES;
				CLANG_WARN__DUPLICATE_METHOD_MATCH = YES;
				"CODE_SIGN_IDENTITY[sdk=iphoneos*]" = "iPhone Developer";
				COPY_PHASE_STRIP = NO;
				DEBUG_INFORMATION_FORMAT = dwarf;
				ENABLE_STRICT_OBJC_MSGSEND = YES;
				ENABLE_TESTABILITY = YES;
				GCC_C_LANGUAGE_STANDARD = gnu99;
				GCC_DYNAMIC_NO_PIC = NO;
				GCC_NO_COMMON_BLOCKS = YES;
				GCC_OPTIMIZATION_LEVEL = 0;
				GCC_PREPROCESSOR_DEFINITIONS = (
					"DEBUG=1",
					"$(inherited)",
				);
				GCC_WARN_64_TO_32_BIT_CONVERSION = YES;
				GCC_WARN_ABOUT_RETURN_TYPE = YES_ERROR;
				GCC_WARN_UNDECLARED_SELECTOR = YES;
				GCC_WARN_UNINITIALIZED_AUTOS = YES_AGGRESSIVE;
				GCC_WARN_UNUSED_FUNCTION = YES;
				GCC_WARN_UNUSED_VARIABLE = YES;
				IPHONEOS_DEPLOYMENT_TARGET = 10.2;
				MTL_ENABLE_DEBUG_INFO = YES;
				ONLY_ACTIVE_ARCH = YES;
				SDKROOT = iphoneos;
				SWIFT_ACTIVE_COMPILATION_CONDITIONS = DEBUG;
				SWIFT_OPTIMIZATION_LEVEL = "-Onone";
				TARGETED_DEVICE_FAMILY = "1,2";
			};
			name = Debug;
		};
		23E567FD1E53E46900F30DFA /* Release */ = {
			isa = XCBuildConfiguration;
			buildSettings = {
				ALWAYS_SEARCH_USER_PATHS = NO;
				CLANG_ANALYZER_NONNULL = YES;
				CLANG_CXX_LANGUAGE_STANDARD = "gnu++0x";
				CLANG_CXX_LIBRARY = "libc++";
				CLANG_ENABLE_MODULES = YES;
				CLANG_ENABLE_OBJC_ARC = YES;
				CLANG_WARN_BOOL_CONVERSION = YES;
				CLANG_WARN_CONSTANT_CONVERSION = YES;
				CLANG_WARN_DIRECT_OBJC_ISA_USAGE = YES_ERROR;
				CLANG_WARN_DOCUMENTATION_COMMENTS = YES;
				CLANG_WARN_EMPTY_BODY = YES;
				CLANG_WARN_ENUM_CONVERSION = YES;
				CLANG_WARN_INFINITE_RECURSION = YES;
				CLANG_WARN_INT_CONVERSION = YES;
				CLANG_WARN_OBJC_ROOT_CLASS = YES_ERROR;
				CLANG_WARN_SUSPICIOUS_MOVE = YES;
				CLANG_WARN_UNREACHABLE_CODE = YES;
				CLANG_WARN__DUPLICATE_METHOD_MATCH = YES;
				"CODE_SIGN_IDENTITY[sdk=iphoneos*]" = "iPhone Developer";
				COPY_PHASE_STRIP = NO;
				DEBUG_INFORMATION_FORMAT = "dwarf-with-dsym";
				ENABLE_NS_ASSERTIONS = NO;
				ENABLE_STRICT_OBJC_MSGSEND = YES;
				GCC_C_LANGUAGE_STANDARD = gnu99;
				GCC_NO_COMMON_BLOCKS = YES;
				GCC_WARN_64_TO_32_BIT_CONVERSION = YES;
				GCC_WARN_ABOUT_RETURN_TYPE = YES_ERROR;
				GCC_WARN_UNDECLARED_SELECTOR = YES;
				GCC_WARN_UNINITIALIZED_AUTOS = YES_AGGRESSIVE;
				GCC_WARN_UNUSED_FUNCTION = YES;
				GCC_WARN_UNUSED_VARIABLE = YES;
				IPHONEOS_DEPLOYMENT_TARGET = 10.2;
				MTL_ENABLE_DEBUG_INFO = NO;
				SDKROOT = iphoneos;
				SWIFT_OPTIMIZATION_LEVEL = "-Owholemodule";
				TARGETED_DEVICE_FAMILY = "1,2";
				VALIDATE_PRODUCT = YES;
			};
			name = Release;
		};
		23E567FF1E53E46900F30DFA /* Debug */ = {
			isa = XCBuildConfiguration;
			buildSettings = {
				ASSETCATALOG_COMPILER_APPICON_NAME = AppIcon;
				INFOPLIST_FILE = Ruff.App/Info.plist;
				LD_RUNPATH_SEARCH_PATHS = "$(inherited) @executable_path/Frameworks";
				PRODUCT_BUNDLE_IDENTIFIER = "com.ruff.Ruff-App";
				PRODUCT_NAME = "$(TARGET_NAME)";
				SWIFT_VERSION = 3.0;
			};
			name = Debug;
		};
		23E568001E53E46900F30DFA /* Release */ = {
			isa = XCBuildConfiguration;
			buildSettings = {
				ASSETCATALOG_COMPILER_APPICON_NAME = AppIcon;
				INFOPLIST_FILE = Ruff.App/Info.plist;
				LD_RUNPATH_SEARCH_PATHS = "$(inherited) @executable_path/Frameworks";
				PRODUCT_BUNDLE_IDENTIFIER = "com.ruff.Ruff-App";
				PRODUCT_NAME = "$(TARGET_NAME)";
				SWIFT_VERSION = 3.0;
			};
			name = Release;
		};
		23E568021E53E46900F30DFA /* Debug */ = {
			isa = XCBuildConfiguration;
			buildSettings = {
				ALWAYS_EMBED_SWIFT_STANDARD_LIBRARIES = YES;
				BUNDLE_LOADER = "$(TEST_HOST)";
				INFOPLIST_FILE = Ruff.AppTests/Info.plist;
				LD_RUNPATH_SEARCH_PATHS = "$(inherited) @executable_path/Frameworks @loader_path/Frameworks";
				PRODUCT_BUNDLE_IDENTIFIER = "com.ruff.Ruff-AppTests";
				PRODUCT_NAME = "$(TARGET_NAME)";
				SWIFT_VERSION = 3.0;
				TEST_HOST = "$(BUILT_PRODUCTS_DIR)/Ruff.App.app/Ruff.App";
			};
			name = Debug;
		};
		23E568031E53E46900F30DFA /* Release */ = {
			isa = XCBuildConfiguration;
			buildSettings = {
				ALWAYS_EMBED_SWIFT_STANDARD_LIBRARIES = YES;
				BUNDLE_LOADER = "$(TEST_HOST)";
				INFOPLIST_FILE = Ruff.AppTests/Info.plist;
				LD_RUNPATH_SEARCH_PATHS = "$(inherited) @executable_path/Frameworks @loader_path/Frameworks";
				PRODUCT_BUNDLE_IDENTIFIER = "com.ruff.Ruff-AppTests";
				PRODUCT_NAME = "$(TARGET_NAME)";
				SWIFT_VERSION = 3.0;
				TEST_HOST = "$(BUILT_PRODUCTS_DIR)/Ruff.App.app/Ruff.App";
			};
			name = Release;
		};
		23E568051E53E46900F30DFA /* Debug */ = {
			isa = XCBuildConfiguration;
			buildSettings = {
				ALWAYS_EMBED_SWIFT_STANDARD_LIBRARIES = YES;
				INFOPLIST_FILE = Ruff.AppUITests/Info.plist;
				LD_RUNPATH_SEARCH_PATHS = "$(inherited) @executable_path/Frameworks @loader_path/Frameworks";
				PRODUCT_BUNDLE_IDENTIFIER = "com.ruff.Ruff-AppUITests";
				PRODUCT_NAME = "$(TARGET_NAME)";
				SWIFT_VERSION = 3.0;
				TEST_TARGET_NAME = Ruff.App;
			};
			name = Debug;
		};
		23E568061E53E46900F30DFA /* Release */ = {
			isa = XCBuildConfiguration;
			buildSettings = {
				ALWAYS_EMBED_SWIFT_STANDARD_LIBRARIES = YES;
				INFOPLIST_FILE = Ruff.AppUITests/Info.plist;
				LD_RUNPATH_SEARCH_PATHS = "$(inherited) @executable_path/Frameworks @loader_path/Frameworks";
				PRODUCT_BUNDLE_IDENTIFIER = "com.ruff.Ruff-AppUITests";
				PRODUCT_NAME = "$(TARGET_NAME)";
				SWIFT_VERSION = 3.0;
				TEST_TARGET_NAME = Ruff.App;
			};
			name = Release;
		};
/* End XCBuildConfiguration section */

/* Begin XCConfigurationList section */
		23E567CE1E53E46800F30DFA /* Build configuration list for PBXProject "Ruff.App" */ = {
			isa = XCConfigurationList;
			buildConfigurations = (
				23E567FC1E53E46900F30DFA /* Debug */,
				23E567FD1E53E46900F30DFA /* Release */,
			);
			defaultConfigurationIsVisible = 0;
			defaultConfigurationName = Release;
		};
		23E567FE1E53E46900F30DFA /* Build configuration list for PBXNativeTarget "Ruff.App" */ = {
			isa = XCConfigurationList;
			buildConfigurations = (
				23E567FF1E53E46900F30DFA /* Debug */,
				23E568001E53E46900F30DFA /* Release */,
			);
			defaultConfigurationIsVisible = 0;
		};
		23E568011E53E46900F30DFA /* Build configuration list for PBXNativeTarget "Ruff.AppTests" */ = {
			isa = XCConfigurationList;
			buildConfigurations = (
				23E568021E53E46900F30DFA /* Debug */,
				23E568031E53E46900F30DFA /* Release */,
			);
			defaultConfigurationIsVisible = 0;
		};
		23E568041E53E46900F30DFA /* Build configuration list for PBXNativeTarget "Ruff.AppUITests" */ = {
			isa = XCConfigurationList;
			buildConfigurations = (
				23E568051E53E46900F30DFA /* Debug */,
				23E568061E53E46900F30DFA /* Release */,
			);
			defaultConfigurationIsVisible = 0;
		};
/* End XCConfigurationList section */

/* Begin XCVersionGroup section */
		23E567DD1E53E46900F30DFA /* Ruff_App.xcdatamodeld */ = {
			isa = XCVersionGroup;
			children = (
				23E567DE1E53E46900F30DFA /* Ruff_App.xcdatamodel */,
			);
			currentVersion = 23E567DE1E53E46900F30DFA /* Ruff_App.xcdatamodel */;
			path = Ruff_App.xcdatamodeld;
			sourceTree = "<group>";
			versionGroupType = wrapper.xcdatamodel;
		};
/* End XCVersionGroup section */
	};
	rootObject = 23E567CB1E53E46800F30DFA /* Project object */;
}
